
Microsoft Visual Studio Solution File, Format Version 12.00
# Visual Studio 14
VisualStudioVersion = 14.0.25420.1
MinimumVisualStudioVersion = 10.0.40219.1
Project("{FAE04EC0-301F-11D3-BF4B-00C04F79EFBC}") = "Практика4", "Практика4\Практика4.csproj", "{9BA42D60-F43C-4E55-B1EE-5114574C8FE4}"
EndProject
Project("{FAE04EC0-301F-11D3-BF4B-00C04F79EFBC}") = "Тестирование4", "Тестирование4\Тестирование4.csproj", "{F90824B6-CD76-4DB8-9A76-C1A4CC1B9C0F}"
EndProject
Global
	GlobalSection(SolutionConfigurationPlatforms) = preSolution
		Debug|Any CPU = Debug|Any CPU
		Release|Any CPU = Release|Any CPU
	EndGlobalSection
	GlobalSection(ProjectConfigurationPlatforms) = postSolution
		{9BA42D60-F43C-4E55-B1EE-5114574C8FE4}.Debug|Any CPU.ActiveCfg = Debug|Any CPU
		{9BA42D60-F43C-4E55-B1EE-5114574C8FE4}.Debug|Any CPU.Build.0 = Debug|Any CPU
		{9BA42D60-F43C-4E55-B1EE-5114574C8FE4}.Release|Any CPU.ActiveCfg = Release|Any CPU
		{9BA42D60-F43C-4E55-B1EE-5114574C8FE4}.Release|Any CPU.Build.0 = Release|Any CPU
		{F90824B6-CD76-4DB8-9A76-C1A4CC1B9C0F}.Debug|Any CPU.ActiveCfg = Debug|Any CPU
		{F90824B6-CD76-4DB8-9A76-C1A4CC1B9C0F}.Debug|Any CPU.Build.0 = Debug|Any CPU
		{F90824B6-CD76-4DB8-9A76-C1A4CC1B9C0F}.Release|Any CPU.ActiveCfg = Release|Any CPU
		{F90824B6-CD76-4DB8-9A76-C1A4CC1B9C0F}.Release|Any CPU.Build.0 = Release|Any CPU
	EndGlobalSection
	GlobalSection(SolutionProperties) = preSolution
		HideSolutionNode = FALSE
	EndGlobalSection
EndGlobal
